{"1.1.0",
[{<<"amqp_client">>,{pkg,<<"amqp_client">>,<<"3.8.1">>},1},
 {<<"cowlib">>,
  {git,"https://github.com/ninenines/cowlib",
       {ref,"e7852121a01e511b002e3af2851b7b8780ca1902"}},
  1},
 {<<"credentials_obfuscation">>,
  {pkg,<<"credentials_obfuscation">>,<<"1.1.0">>},
  3},
 {<<"cryptoring_amqp">>,
  {git,"git@github.com:T0ha/cryptoring_amqp.git",
       {ref,"adb4154be730376ff37c267bc3c13cb750b9615a"}},
  0},
 {<<"goldrush">>,
  {git,"https://github.com/basho/goldrush.git",
       {ref,"8f1b715d36b650ec1e1f5612c00e28af6ab0de82"}},
  1},
 {<<"gun">>,
  {git,"git://github.com/ninenines/gun.git",
       {ref,"bd6425ab87428cf4c95f4d23e0a48fd065fbd714"}},
  0},
 {<<"jsx">>,
  {git,"git://github.com/talentdeficit/jsx.git",
       {ref,"45ffea21a6863c58fb7da1f937e868916ff68b27"}},
  0},
 {<<"lager">>,
  {git,"git://github.com/basho/lager.git",
       {ref,"81eaef0ce98fdbf64ab95665e3bc2ec4b24c7dac"}},
  0},
 {<<"rabbit_common">>,{pkg,<<"rabbit_common">>,<<"3.8.1">>},2},
 {<<"ranch">>,{pkg,<<"ranch">>,<<"1.7.1">>},3},
 {<<"recon">>,{pkg,<<"recon">>,<<"2.5.0">>},3}]}.
[
{pkg_hash,[
 {<<"amqp_client">>, <<"E12AB387FB6C129A0F60CD1A78F21D256986BE21013B2850D3B27C1E59C82763">>},
 {<<"credentials_obfuscation">>, <<"513793CC20C18AFC9E03E584B436192A751A8344890E03A8741C65C8D6866FAB">>},
 {<<"rabbit_common">>, <<"CC667C6DF240C5CE636006B18C68039C1BE3505E87B6A818C02950218ECB43B5">>},
 {<<"ranch">>, <<"6B1FAB51B49196860B733A49C07604465A47BDB78AA10C1C16A3D199F7F8C881">>},
 {<<"recon">>, <<"2F7FCBEC2C35034BADE2F9717F77059DC54EB4E929A3049CA7BA6775C0BD66CD">>}]}
].
