[{<<"cowlib">>,
  {git,"https://github.com/ninenines/cowlib",
       {ref,"c6553f8308a2ca5dcd69d845f0a7d098c40c3363"}},
  1},
 {<<"goldrush">>,
  {git,"https://github.com/basho/goldrush.git",
       {ref,"8f1b715d36b650ec1e1f5612c00e28af6ab0de82"}},
  1},
 {<<"gun">>,
  {git,"git://github.com/ninenines/gun.git",
       {ref,"8461c8383cfdc39a50a8c7769fe8130818d5f1f5"}},
  0},
 {<<"jsx">>,
  {git,"git://github.com/talentdeficit/jsx.git",
       {ref,"45ffea21a6863c58fb7da1f937e868916ff68b27"}},
  0},
 {<<"lager">>,
  {git,"git://github.com/basho/lager.git",
       {ref,"81eaef0ce98fdbf64ab95665e3bc2ec4b24c7dac"}},
  0}].
